
Microsoft Visual Studio Solution File, Format Version 12.00
# Visual Studio Version 16
VisualStudioVersion = 16.0.31515.178
MinimumVisualStudioVersion = 10.0.40219.1
Project("{FAE04EC0-301F-11D3-BF4B-00C04F79EFBC}") = "POC", "POC\POC.csproj", "{8299B2D2-4358-44FF-96CF-2E4CDB3AEE72}"
EndProject
Global
	GlobalSection(SolutionConfigurationPlatforms) = preSolution
		Debug|Any CPU = Debug|Any CPU
		Release|Any CPU = Release|Any CPU
	EndGlobalSection
	GlobalSection(ProjectConfigurationPlatforms) = postSolution
		{8299B2D2-4358-44FF-96CF-2E4CDB3AEE72}.Debug|Any CPU.ActiveCfg = Debug|Any CPU
		{8299B2D2-4358-44FF-96CF-2E4CDB3AEE72}.Debug|Any CPU.Build.0 = Debug|Any CPU
		{8299B2D2-4358-44FF-96CF-2E4CDB3AEE72}.Release|Any CPU.ActiveCfg = Release|Any CPU
		{8299B2D2-4358-44FF-96CF-2E4CDB3AEE72}.Release|Any CPU.Build.0 = Release|Any CPU
	EndGlobalSection
	GlobalSection(SolutionProperties) = preSolution
		HideSolutionNode = FALSE
	EndGlobalSection
	GlobalSection(ExtensibilityGlobals) = postSolution
		SolutionGuid = {0A018C48-22A2-4D60-8385-B490EECDC8D6}
	EndGlobalSection
EndGlobal
